version: 2.0
shards:
  ameba:
    git: https://github.com/crystal-ameba/ameba.git
    version: 1.7.0-dev+git.commit.41b12e4fba6ab4bd68b746a6b942dd16e432f21c

  cookie_jar:
    git: https://github.com/mamantoha/http-cookie_jar.git
    version: 0.1.0

  crest:
    git: https://github.com/mamantoha/crest.git
    version: 1.7.0

  http-client-digest_auth:
    git: https://github.com/mamantoha/http-client-digest_auth.git
    version: 0.6.0

  http_proxy:
    git: https://github.com/mamantoha/http_proxy.git
    version: 0.14.0

  sanitize:
    git: https://github.com/straight-shoota/sanitize.git
    version: 0.1.0+git.commit.c17d933fed22c6d3d615cca91a895166414389af

