version: 2.0
shards:
  ameba:
    git: https://github.com/crystal-ameba/ameba.git
    version: 1.7.0-dev+git.commit.0bc878de36c1f10afde766bdae74d6c74f265c70

  crest:
    git: https://github.com/mamantoha/crest.git
    version: 1.6.2

  http-client-digest_auth:
    git: https://github.com/mamantoha/http-client-digest_auth.git
    version: 0.6.0

  http_proxy:
    git: https://github.com/mamantoha/http_proxy.git
    version: 0.14.0

  sanitize:
    git: https://github.com/straight-shoota/sanitize.git
    version: 0.1.0+git.commit.c17d933fed22c6d3d615cca91a895166414389af

